
Microsoft Visual Studio Solution File, Format Version 12.00
# Visual Studio 15
VisualStudioVersion = 15.0.28010.2050
MinimumVisualStudioVersion = 10.0.40219.1
Project("{FAE04EC0-301F-11D3-BF4B-00C04F79EFBC}") = "FizzBuzz", "FizzBuzz\FizzBuzz.csproj", "{C3FF4041-029C-447C-AEC4-DAB719D221C0}"
EndProject
Global
	GlobalSection(SolutionConfigurationPlatforms) = preSolution
		Debug|Any CPU = Debug|Any CPU
		Release|Any CPU = Release|Any CPU
	EndGlobalSection
	GlobalSection(ProjectConfigurationPlatforms) = postSolution
		{C3FF4041-029C-447C-AEC4-DAB719D221C0}.Debug|Any CPU.ActiveCfg = Debug|Any CPU
		{C3FF4041-029C-447C-AEC4-DAB719D221C0}.Debug|Any CPU.Build.0 = Debug|Any CPU
		{C3FF4041-029C-447C-AEC4-DAB719D221C0}.Release|Any CPU.ActiveCfg = Release|Any CPU
		{C3FF4041-029C-447C-AEC4-DAB719D221C0}.Release|Any CPU.Build.0 = Release|Any CPU
	EndGlobalSection
	GlobalSection(SolutionProperties) = preSolution
		HideSolutionNode = FALSE
	EndGlobalSection
	GlobalSection(ExtensibilityGlobals) = postSolution
		SolutionGuid = {00C2B0A5-8817-473C-A405-EFF047F1C067}
	EndGlobalSection
EndGlobal
